{
  "name": "@fwd/saas",
  "version": "0.1.20",
  "lockfileVersion": 1,
  "requires": true,
  "dependencies": {
    "@fwd/blacklist": {
      "version": "github:fwd/blacklist#9b80bf32a71a4d8a5cf69bc9c53753ceab2514c5",
      "from": "github:fwd/blacklist",
      "requires": {
        "lodash": "^4.17.21"
      }
    },
    "lodash": {
      "version": "4.17.21",
      "resolved": "https://registry.npmjs.org/lodash/-/lodash-4.17.21.tgz",
      "integrity": "sha512-v2kDEe57lecTulaDIuNTPy3Ry4gLGJ6Z1O3vE1krgXZNrsQ+LFTGHVxVjcXPs17LhbZVGedAJv8XZ1tvj5FvSg=="
    }
  }
}
